{
    "_readme": [
        "This file locks the dependencies of your project to a known state",
        "Read more about it at https://getcomposer.org/doc/01-basic-usage.md#composer-lock-the-lock-file",
        "This file is @generated automatically"
    ],
    "hash": "0f9d1a2486ef8a52c8537c23d523be6e",
    "content-hash": "49fd7d19789eabd9a52655e9e12aafa3",
    "packages": [
        {
            "name": "sneakybobito/phalcon-stubs",
            "version": "v2.0.7",
            "source": {
                "type": "git",
                "url": "https://github.com/gsouf/phalcon-stubs.git",
                "reference": "52d4157581d0b63c99d7d31c3c189930c76cacb6"
            },
            "dist": {
                "type": "zip",
                "url": "https://api.github.com/repos/gsouf/phalcon-stubs/zipball/52d4157581d0b63c99d7d31c3c189930c76cacb6",
                "reference": "52d4157581d0b63c99d7d31c3c189930c76cacb6",
                "shasum": ""
            },
            "type": "library",
            "notification-url": "https://packagist.org/downloads/",
            "description": "IDE Stubs for phalconphp",
            "homepage": "https://github.com/gsouf/phalcon-stubs",
            "keywords": [
                "ide",
                "phalcon",
                "stubs"
            ],
            "time": "2015-08-30 19:26:24"
        },
        {
            "name": "symfony/var-dumper",
            "version": "2.8.x-dev",
            "source": {
                "type": "git",
                "url": "https://github.com/symfony/var-dumper.git",
                "reference": "390fb40299c73f5eb1e3bc8de8e7a3b39c7ef917"
            },
            "dist": {
                "type": "zip",
                "url": "https://api.github.com/repos/symfony/var-dumper/zipball/390fb40299c73f5eb1e3bc8de8e7a3b39c7ef917",
                "reference": "390fb40299c73f5eb1e3bc8de8e7a3b39c7ef917",
                "shasum": ""
            },
            "require": {
                "php": ">=5.3.9"
            },
            "require-dev": {
                "twig/twig": "~1.20|~2.0"
            },
            "suggest": {
                "ext-symfony_debug": ""
            },
            "type": "library",
            "extra": {
                "branch-alias": {
                    "dev-master": "2.8-dev"
                }
            },
            "autoload": {
                "files": [
                    "Resources/functions/dump.php"
                ],
                "psr-4": {
                    "Symfony\\Component\\VarDumper\\": ""
                }
            },
            "notification-url": "https://packagist.org/downloads/",
            "license": [
                "MIT"
            ],
            "authors": [
                {
                    "name": "Nicolas Grekas",
                    "email": "p@tchwork.com"
                },
                {
                    "name": "Symfony Community",
                    "homepage": "https://symfony.com/contributors"
                }
            ],
            "description": "Symfony mechanism for exploring and dumping PHP variables",
            "homepage": "https://symfony.com",
            "keywords": [
                "debug",
                "dump"
            ],
            "time": "2015-10-23 14:52:08"
        },
        {
            "name": "vlucas/phpdotenv",
            "version": "2.0.x-dev",
            "source": {
                "type": "git",
                "url": "https://github.com/vlucas/phpdotenv.git",
                "reference": "f5ccb8156e1432cdaa13c9c42dfff308c8456124"
            },
            "dist": {
                "type": "zip",
                "url": "https://api.github.com/repos/vlucas/phpdotenv/zipball/f5ccb8156e1432cdaa13c9c42dfff308c8456124",
                "reference": "f5ccb8156e1432cdaa13c9c42dfff308c8456124",
                "shasum": ""
            },
            "require": {
                "php": ">=5.3.2"
            },
            "require-dev": {
                "phpunit/phpunit": "~4.0"
            },
            "type": "library",
            "autoload": {
                "psr-4": {
                    "Dotenv\\": "src/"
                }
            },
            "notification-url": "https://packagist.org/downloads/",
            "license": [
                "BSD"
            ],
            "authors": [
                {
                    "name": "Vance Lucas",
                    "email": "vance@vancelucas.com",
                    "homepage": "http://www.vancelucas.com"
                }
            ],
            "description": "Loads environment variables from `.env` to `getenv()`, `$_ENV` and `$_SERVER` automagically.",
            "homepage": "http://github.com/vlucas/phpdotenv",
            "keywords": [
                "dotenv",
                "env",
                "environment"
            ],
            "time": "2015-05-31 10:23:30"
        }
    ],
    "packages-dev": [],
    "aliases": [],
    "minimum-stability": "stable",
    "stability-flags": {
        "symfony/var-dumper": 20,
        "vlucas/phpdotenv": 20
    },
    "prefer-stable": false,
    "prefer-lowest": false,
    "platform": [],
    "platform-dev": []
}
